
Microsoft Visual Studio Solution File, Format Version 12.00
# Visual Studio Version 17
VisualStudioVersion = 17.5.33414.496
MinimumVisualStudioVersion = 10.0.40219.1
Project("{9A19103F-16F7-4668-BE54-9A1E7A4F7556}") = "FilmsPhilippe.Web", "FilmsPhilippe.Web\FilmsPhilippe.Web.csproj", "{857C712D-87A6-463F-AE59-BB915BCCBA44}"
EndProject
Project("{9A19103F-16F7-4668-BE54-9A1E7A4F7556}") = "ConsoleApp1", "ConsoleApp1\ConsoleApp1.csproj", "{A15F4241-98A5-41B1-8B03-4E358F56567B}"
EndProject
Project("{9A19103F-16F7-4668-BE54-9A1E7A4F7556}") = "FilmsPhilippe.Domain", "FilmsPhilippe.Domain\FilmsPhilippe.Domain.csproj", "{B124E914-13E0-4793-B965-E866E50E2378}"
EndProject
Project("{9A19103F-16F7-4668-BE54-9A1E7A4F7556}") = "FilmsPhilippe.Application", "FilmsPhilippe.Application\FilmsPhilippe.Application.csproj", "{47940634-162A-41B2-86CC-F4A214D9343C}"
EndProject
Project("{9A19103F-16F7-4668-BE54-9A1E7A4F7556}") = "FilmsPhilippe.Infrastructure.MSAccess", "FilmsPhilippe.Infrastructure.MSAccess\FilmsPhilippe.Infrastructure.MSAccess.csproj", "{C3B33E68-ED13-43FC-A0AA-7048BB9484B4}"
EndProject
Project("{FAE04EC0-301F-11D3-BF4B-00C04F79EFBC}") = "ConsoleApp2", "ConsoleApp2\ConsoleApp2.csproj", "{3DF11D1E-0FF0-401D-9BAE-69B6F809EC44}"
EndProject
Project("{2150E333-8FDC-42A3-9474-1A3956D46DE8}") = "Solution Items", "Solution Items", "{3E6521C5-2F2B-44BA-A4B4-61C7A3B71BFF}"
	ProjectSection(SolutionItems) = preProject
		.editorconfig = .editorconfig
	EndProjectSection
EndProject
Project("{FAE04EC0-301F-11D3-BF4B-00C04F79EFBC}") = "MsAccessToSQLite", "MsAccessToSQLite\MsAccessToSQLite.csproj", "{74E2C036-6D37-4313-A02C-CBC1718036DB}"
EndProject
Project("{FAE04EC0-301F-11D3-BF4B-00C04F79EFBC}") = "Movies.Domain", "Movies.Domain\Movies.Domain.csproj", "{799D2C29-9678-4FF4-8112-FDC7D9795E68}"
EndProject
Project("{FAE04EC0-301F-11D3-BF4B-00C04F79EFBC}") = "Movies.Infrastructure.SQLite", "Movies.Infrastructure.SQLite\Movies.Infrastructure.SQLite.csproj", "{9280C9B2-6C1E-4562-9107-3D5E10AA2798}"
EndProject
Project("{FAE04EC0-301F-11D3-BF4B-00C04F79EFBC}") = "Movies.Migration", "Movies.Migration\Movies.Migration.csproj", "{06C6BF2A-3B61-4AFE-AE1C-1A5F05193103}"
EndProject
Global
	GlobalSection(SolutionConfigurationPlatforms) = preSolution
		Debug|Any CPU = Debug|Any CPU
		Release|Any CPU = Release|Any CPU
	EndGlobalSection
	GlobalSection(ProjectConfigurationPlatforms) = postSolution
		{857C712D-87A6-463F-AE59-BB915BCCBA44}.Debug|Any CPU.ActiveCfg = Debug|Any CPU
		{857C712D-87A6-463F-AE59-BB915BCCBA44}.Debug|Any CPU.Build.0 = Debug|Any CPU
		{857C712D-87A6-463F-AE59-BB915BCCBA44}.Release|Any CPU.ActiveCfg = Release|Any CPU
		{857C712D-87A6-463F-AE59-BB915BCCBA44}.Release|Any CPU.Build.0 = Release|Any CPU
		{A15F4241-98A5-41B1-8B03-4E358F56567B}.Debug|Any CPU.ActiveCfg = Debug|Any CPU
		{A15F4241-98A5-41B1-8B03-4E358F56567B}.Debug|Any CPU.Build.0 = Debug|Any CPU
		{A15F4241-98A5-41B1-8B03-4E358F56567B}.Release|Any CPU.ActiveCfg = Release|Any CPU
		{A15F4241-98A5-41B1-8B03-4E358F56567B}.Release|Any CPU.Build.0 = Release|Any CPU
		{B124E914-13E0-4793-B965-E866E50E2378}.Debug|Any CPU.ActiveCfg = Debug|Any CPU
		{B124E914-13E0-4793-B965-E866E50E2378}.Debug|Any CPU.Build.0 = Debug|Any CPU
		{B124E914-13E0-4793-B965-E866E50E2378}.Release|Any CPU.ActiveCfg = Release|Any CPU
		{B124E914-13E0-4793-B965-E866E50E2378}.Release|Any CPU.Build.0 = Release|Any CPU
		{47940634-162A-41B2-86CC-F4A214D9343C}.Debug|Any CPU.ActiveCfg = Debug|Any CPU
		{47940634-162A-41B2-86CC-F4A214D9343C}.Debug|Any CPU.Build.0 = Debug|Any CPU
		{47940634-162A-41B2-86CC-F4A214D9343C}.Release|Any CPU.ActiveCfg = Release|Any CPU
		{47940634-162A-41B2-86CC-F4A214D9343C}.Release|Any CPU.Build.0 = Release|Any CPU
		{C3B33E68-ED13-43FC-A0AA-7048BB9484B4}.Debug|Any CPU.ActiveCfg = Debug|Any CPU
		{C3B33E68-ED13-43FC-A0AA-7048BB9484B4}.Debug|Any CPU.Build.0 = Debug|Any CPU
		{C3B33E68-ED13-43FC-A0AA-7048BB9484B4}.Release|Any CPU.ActiveCfg = Release|Any CPU
		{C3B33E68-ED13-43FC-A0AA-7048BB9484B4}.Release|Any CPU.Build.0 = Release|Any CPU
		{3DF11D1E-0FF0-401D-9BAE-69B6F809EC44}.Debug|Any CPU.ActiveCfg = Debug|Any CPU
		{3DF11D1E-0FF0-401D-9BAE-69B6F809EC44}.Debug|Any CPU.Build.0 = Debug|Any CPU
		{3DF11D1E-0FF0-401D-9BAE-69B6F809EC44}.Release|Any CPU.ActiveCfg = Release|Any CPU
		{3DF11D1E-0FF0-401D-9BAE-69B6F809EC44}.Release|Any CPU.Build.0 = Release|Any CPU
		{74E2C036-6D37-4313-A02C-CBC1718036DB}.Debug|Any CPU.ActiveCfg = Debug|Any CPU
		{74E2C036-6D37-4313-A02C-CBC1718036DB}.Debug|Any CPU.Build.0 = Debug|Any CPU
		{74E2C036-6D37-4313-A02C-CBC1718036DB}.Release|Any CPU.ActiveCfg = Release|Any CPU
		{74E2C036-6D37-4313-A02C-CBC1718036DB}.Release|Any CPU.Build.0 = Release|Any CPU
		{799D2C29-9678-4FF4-8112-FDC7D9795E68}.Debug|Any CPU.ActiveCfg = Debug|Any CPU
		{799D2C29-9678-4FF4-8112-FDC7D9795E68}.Debug|Any CPU.Build.0 = Debug|Any CPU
		{799D2C29-9678-4FF4-8112-FDC7D9795E68}.Release|Any CPU.ActiveCfg = Release|Any CPU
		{799D2C29-9678-4FF4-8112-FDC7D9795E68}.Release|Any CPU.Build.0 = Release|Any CPU
		{9280C9B2-6C1E-4562-9107-3D5E10AA2798}.Debug|Any CPU.ActiveCfg = Debug|Any CPU
		{9280C9B2-6C1E-4562-9107-3D5E10AA2798}.Debug|Any CPU.Build.0 = Debug|Any CPU
		{9280C9B2-6C1E-4562-9107-3D5E10AA2798}.Release|Any CPU.ActiveCfg = Release|Any CPU
		{9280C9B2-6C1E-4562-9107-3D5E10AA2798}.Release|Any CPU.Build.0 = Release|Any CPU
		{06C6BF2A-3B61-4AFE-AE1C-1A5F05193103}.Debug|Any CPU.ActiveCfg = Debug|Any CPU
		{06C6BF2A-3B61-4AFE-AE1C-1A5F05193103}.Debug|Any CPU.Build.0 = Debug|Any CPU
		{06C6BF2A-3B61-4AFE-AE1C-1A5F05193103}.Release|Any CPU.ActiveCfg = Release|Any CPU
		{06C6BF2A-3B61-4AFE-AE1C-1A5F05193103}.Release|Any CPU.Build.0 = Release|Any CPU
	EndGlobalSection
	GlobalSection(SolutionProperties) = preSolution
		HideSolutionNode = FALSE
	EndGlobalSection
	GlobalSection(ExtensibilityGlobals) = postSolution
		SolutionGuid = {A3627BED-6415-4B29-A245-8567FDD70A9A}
	EndGlobalSection
EndGlobal
